
Microsoft Visual Studio Solution File, Format Version 12.00
# Visual Studio Version 16
VisualStudioVersion = 16.0.810.25
MinimumVisualStudioVersion = 10.0.40219.1
Project("{FAE04EC0-301F-11D3-BF4B-00C04F79EFBC}") = "CourierService", "CourierService\CourierService.csproj", "{FD6CF6E7-BB8F-42E1-8620-1D046DA48372}"
EndProject
Global
	GlobalSection(SolutionConfigurationPlatforms) = preSolution
		Debug|Any CPU = Debug|Any CPU
		Release|Any CPU = Release|Any CPU
	EndGlobalSection
	GlobalSection(ProjectConfigurationPlatforms) = postSolution
		{FD6CF6E7-BB8F-42E1-8620-1D046DA48372}.Debug|Any CPU.ActiveCfg = Debug|Any CPU
		{FD6CF6E7-BB8F-42E1-8620-1D046DA48372}.Debug|Any CPU.Build.0 = Debug|Any CPU
		{FD6CF6E7-BB8F-42E1-8620-1D046DA48372}.Release|Any CPU.ActiveCfg = Release|Any CPU
		{FD6CF6E7-BB8F-42E1-8620-1D046DA48372}.Release|Any CPU.Build.0 = Release|Any CPU
	EndGlobalSection
	GlobalSection(SolutionProperties) = preSolution
		HideSolutionNode = FALSE
	EndGlobalSection
	GlobalSection(ExtensibilityGlobals) = postSolution
		SolutionGuid = {4002E49C-7C03-43DB-BC34-5B885FFBE971}
	EndGlobalSection
EndGlobal
